# THIS IS AN AUTOGENERATED FILE. DO NOT EDIT THIS FILE DIRECTLY.
# yarn lockfile v1


node-dijkstra@^2.5.0:
  version "2.5.0"
  resolved "https://registry.yarnpkg.com/node-dijkstra/-/node-dijkstra-2.5.0.tgz#0feb76c5a05f35b56e786de6df4d3364af28d4e8"
  integrity sha512-2REYb1lo8yDRAY1gsdhjwQdGVSh47VI5Z5wS8sCqydO/P1OVAKOwLuV1fDxNLvbrtMspW7k2UZ2JKIKP06hl+A==
